
Microsoft Visual Studio Solution File, Format Version 12.00
# Visual Studio Version 17
VisualStudioVersion = 17.7.34009.444
MinimumVisualStudioVersion = 10.0.40219.1
Project("{FAE04EC0-301F-11D3-BF4B-00C04F79EFBC}") = "ControleDeContatos", "ControleDeContatos\ControleDeContatos.csproj", "{88BE58AB-9C0F-4F50-A109-5BC88CEBBA8A}"
EndProject
Global
	GlobalSection(SolutionConfigurationPlatforms) = preSolution
		Debug|Any CPU = Debug|Any CPU
		Release|Any CPU = Release|Any CPU
	EndGlobalSection
	GlobalSection(ProjectConfigurationPlatforms) = postSolution
		{88BE58AB-9C0F-4F50-A109-5BC88CEBBA8A}.Debug|Any CPU.ActiveCfg = Debug|Any CPU
		{88BE58AB-9C0F-4F50-A109-5BC88CEBBA8A}.Debug|Any CPU.Build.0 = Debug|Any CPU
		{88BE58AB-9C0F-4F50-A109-5BC88CEBBA8A}.Release|Any CPU.ActiveCfg = Release|Any CPU
		{88BE58AB-9C0F-4F50-A109-5BC88CEBBA8A}.Release|Any CPU.Build.0 = Release|Any CPU
	EndGlobalSection
	GlobalSection(SolutionProperties) = preSolution
		HideSolutionNode = FALSE
	EndGlobalSection
	GlobalSection(ExtensibilityGlobals) = postSolution
		SolutionGuid = {64194CE4-21A3-4452-95DD-D0F25D43C981}
	EndGlobalSection
EndGlobal
